
Microsoft Visual Studio Solution File, Format Version 12.00
# Visual Studio 15
VisualStudioVersion = 15.0.27130.2026
MinimumVisualStudioVersion = 10.0.40219.1
Project("{FAE04EC0-301F-11D3-BF4B-00C04F79EFBC}") = "Viewer", "Viewer\Viewer.csproj", "{EE97E5F1-CE89-4D1E-9A3B-797505982594}"
EndProject
Project("{FAE04EC0-301F-11D3-BF4B-00C04F79EFBC}") = "ViewerTest", "ViewerTest\ViewerTest.csproj", "{B4BC3EBD-1DC2-40A5-9939-7F2F5BAA26EB}"
EndProject
Global
	GlobalSection(SolutionConfigurationPlatforms) = preSolution
		Debug|Any CPU = Debug|Any CPU
		Release|Any CPU = Release|Any CPU
	EndGlobalSection
	GlobalSection(ProjectConfigurationPlatforms) = postSolution
		{EE97E5F1-CE89-4D1E-9A3B-797505982594}.Debug|Any CPU.ActiveCfg = Debug|Any CPU
		{EE97E5F1-CE89-4D1E-9A3B-797505982594}.Debug|Any CPU.Build.0 = Debug|Any CPU
		{EE97E5F1-CE89-4D1E-9A3B-797505982594}.Release|Any CPU.ActiveCfg = Release|Any CPU
		{EE97E5F1-CE89-4D1E-9A3B-797505982594}.Release|Any CPU.Build.0 = Release|Any CPU
		{B4BC3EBD-1DC2-40A5-9939-7F2F5BAA26EB}.Debug|Any CPU.ActiveCfg = Debug|Any CPU
		{B4BC3EBD-1DC2-40A5-9939-7F2F5BAA26EB}.Debug|Any CPU.Build.0 = Debug|Any CPU
		{B4BC3EBD-1DC2-40A5-9939-7F2F5BAA26EB}.Release|Any CPU.ActiveCfg = Release|Any CPU
		{B4BC3EBD-1DC2-40A5-9939-7F2F5BAA26EB}.Release|Any CPU.Build.0 = Release|Any CPU
	EndGlobalSection
	GlobalSection(SolutionProperties) = preSolution
		HideSolutionNode = FALSE
	EndGlobalSection
	GlobalSection(ExtensibilityGlobals) = postSolution
		SolutionGuid = {423BA5A5-0DAB-438F-AD33-02CADFD478AF}
	EndGlobalSection
EndGlobal
