
Microsoft Visual Studio Solution File, Format Version 12.00
# Visual Studio 15
VisualStudioVersion = 15.0.27130.2026
MinimumVisualStudioVersion = 10.0.40219.1
Project("{FAE04EC0-301F-11D3-BF4B-00C04F79EFBC}") = "Viewer", "src\Viewer\Viewer.csproj", "{EE97E5F1-CE89-4D1E-9A3B-797505982594}"
EndProject
Project("{FAE04EC0-301F-11D3-BF4B-00C04F79EFBC}") = "ViewerTest", "tests\ViewerTest.csproj", "{B4BC3EBD-1DC2-40A5-9939-7F2F5BAA26EB}"
EndProject
Project("{FAE04EC0-301F-11D3-BF4B-00C04F79EFBC}") = "Viewer.QueryRuntime", "src\Viewer.QueryRuntime\Viewer.QueryRuntime.csproj", "{01D83BBE-3569-4B73-B249-F85680B58FE1}"
EndProject
Project("{FAE04EC0-301F-11D3-BF4B-00C04F79EFBC}") = "Viewer.Data", "src\Viewer.Data\Viewer.Data.csproj", "{1D709BE7-4906-4AF8-B31C-3EE7A1EB3323}"
EndProject
Project("{FAE04EC0-301F-11D3-BF4B-00C04F79EFBC}") = "Viewer.IO", "src\Viewer.IO\Viewer.IO.csproj", "{E5D95203-8D44-46F1-8AF0-43C1B7F6AD33}"
EndProject
Project("{FAE04EC0-301F-11D3-BF4B-00C04F79EFBC}") = "Viewer.Query", "src\Viewer.Query\Viewer.Query.csproj", "{A09EE86C-981C-4F59-9554-C89FC8064C25}"
EndProject
Project("{FAE04EC0-301F-11D3-BF4B-00C04F79EFBC}") = "Viewer.Core", "src\Viewer.Core\Viewer.Core.csproj", "{1DCD51E0-3059-4DDD-9F7F-3AF6DAF9D648}"
EndProject
Project("{930C7802-8A8C-48F9-8165-68863BCCD9DD}") = "ViewerInstaller", "src\ViewerInstaller\ViewerInstaller.wixproj", "{0C1213A8-9B76-40F1-A2AF-EA0829D904A5}"
EndProject
Project("{930C7802-8A8C-48F9-8165-68863BCCD9DD}") = "ViewerSetup", "src\ViewerSetup\ViewerSetup.wixproj", "{F46A6D53-5726-4079-AD9C-DE96A69E08A7}"
EndProject
Global
	GlobalSection(Performance) = preSolution
		HasPerformanceSessions = true
	EndGlobalSection
	GlobalSection(SolutionConfigurationPlatforms) = preSolution
		Debug|Any CPU = Debug|Any CPU
		Debug|x64 = Debug|x64
		Debug|x86 = Debug|x86
		Release|Any CPU = Release|Any CPU
		Release|x64 = Release|x64
		Release|x86 = Release|x86
	EndGlobalSection
	GlobalSection(ProjectConfigurationPlatforms) = postSolution
		{EE97E5F1-CE89-4D1E-9A3B-797505982594}.Debug|Any CPU.ActiveCfg = Debug|Any CPU
		{EE97E5F1-CE89-4D1E-9A3B-797505982594}.Debug|Any CPU.Build.0 = Debug|Any CPU
		{EE97E5F1-CE89-4D1E-9A3B-797505982594}.Debug|x64.ActiveCfg = Debug|x64
		{EE97E5F1-CE89-4D1E-9A3B-797505982594}.Debug|x64.Build.0 = Debug|x64
		{EE97E5F1-CE89-4D1E-9A3B-797505982594}.Debug|x86.ActiveCfg = Debug|Any CPU
		{EE97E5F1-CE89-4D1E-9A3B-797505982594}.Debug|x86.Build.0 = Debug|Any CPU
		{EE97E5F1-CE89-4D1E-9A3B-797505982594}.Release|Any CPU.ActiveCfg = Release|Any CPU
		{EE97E5F1-CE89-4D1E-9A3B-797505982594}.Release|Any CPU.Build.0 = Release|Any CPU
		{EE97E5F1-CE89-4D1E-9A3B-797505982594}.Release|x64.ActiveCfg = Release|x64
		{EE97E5F1-CE89-4D1E-9A3B-797505982594}.Release|x64.Build.0 = Release|x64
		{EE97E5F1-CE89-4D1E-9A3B-797505982594}.Release|x86.ActiveCfg = Release|Any CPU
		{EE97E5F1-CE89-4D1E-9A3B-797505982594}.Release|x86.Build.0 = Release|Any CPU
		{B4BC3EBD-1DC2-40A5-9939-7F2F5BAA26EB}.Debug|Any CPU.ActiveCfg = Debug|Any CPU
		{B4BC3EBD-1DC2-40A5-9939-7F2F5BAA26EB}.Debug|Any CPU.Build.0 = Debug|Any CPU
		{B4BC3EBD-1DC2-40A5-9939-7F2F5BAA26EB}.Debug|x64.ActiveCfg = Debug|x64
		{B4BC3EBD-1DC2-40A5-9939-7F2F5BAA26EB}.Debug|x64.Build.0 = Debug|x64
		{B4BC3EBD-1DC2-40A5-9939-7F2F5BAA26EB}.Debug|x86.ActiveCfg = Debug|Any CPU
		{B4BC3EBD-1DC2-40A5-9939-7F2F5BAA26EB}.Debug|x86.Build.0 = Debug|Any CPU
		{B4BC3EBD-1DC2-40A5-9939-7F2F5BAA26EB}.Release|Any CPU.ActiveCfg = Release|Any CPU
		{B4BC3EBD-1DC2-40A5-9939-7F2F5BAA26EB}.Release|Any CPU.Build.0 = Release|Any CPU
		{B4BC3EBD-1DC2-40A5-9939-7F2F5BAA26EB}.Release|x64.ActiveCfg = Release|x64
		{B4BC3EBD-1DC2-40A5-9939-7F2F5BAA26EB}.Release|x64.Build.0 = Release|x64
		{B4BC3EBD-1DC2-40A5-9939-7F2F5BAA26EB}.Release|x86.ActiveCfg = Release|Any CPU
		{B4BC3EBD-1DC2-40A5-9939-7F2F5BAA26EB}.Release|x86.Build.0 = Release|Any CPU
		{01D83BBE-3569-4B73-B249-F85680B58FE1}.Debug|Any CPU.ActiveCfg = Debug|Any CPU
		{01D83BBE-3569-4B73-B249-F85680B58FE1}.Debug|Any CPU.Build.0 = Debug|Any CPU
		{01D83BBE-3569-4B73-B249-F85680B58FE1}.Debug|x64.ActiveCfg = Debug|x64
		{01D83BBE-3569-4B73-B249-F85680B58FE1}.Debug|x64.Build.0 = Debug|x64
		{01D83BBE-3569-4B73-B249-F85680B58FE1}.Debug|x86.ActiveCfg = Debug|Any CPU
		{01D83BBE-3569-4B73-B249-F85680B58FE1}.Debug|x86.Build.0 = Debug|Any CPU
		{01D83BBE-3569-4B73-B249-F85680B58FE1}.Release|Any CPU.ActiveCfg = Release|Any CPU
		{01D83BBE-3569-4B73-B249-F85680B58FE1}.Release|Any CPU.Build.0 = Release|Any CPU
		{01D83BBE-3569-4B73-B249-F85680B58FE1}.Release|x64.ActiveCfg = Release|x64
		{01D83BBE-3569-4B73-B249-F85680B58FE1}.Release|x64.Build.0 = Release|x64
		{01D83BBE-3569-4B73-B249-F85680B58FE1}.Release|x86.ActiveCfg = Release|Any CPU
		{01D83BBE-3569-4B73-B249-F85680B58FE1}.Release|x86.Build.0 = Release|Any CPU
		{1D709BE7-4906-4AF8-B31C-3EE7A1EB3323}.Debug|Any CPU.ActiveCfg = Debug|Any CPU
		{1D709BE7-4906-4AF8-B31C-3EE7A1EB3323}.Debug|Any CPU.Build.0 = Debug|Any CPU
		{1D709BE7-4906-4AF8-B31C-3EE7A1EB3323}.Debug|x64.ActiveCfg = Debug|x64
		{1D709BE7-4906-4AF8-B31C-3EE7A1EB3323}.Debug|x64.Build.0 = Debug|x64
		{1D709BE7-4906-4AF8-B31C-3EE7A1EB3323}.Debug|x86.ActiveCfg = Debug|Any CPU
		{1D709BE7-4906-4AF8-B31C-3EE7A1EB3323}.Debug|x86.Build.0 = Debug|Any CPU
		{1D709BE7-4906-4AF8-B31C-3EE7A1EB3323}.Release|Any CPU.ActiveCfg = Release|Any CPU
		{1D709BE7-4906-4AF8-B31C-3EE7A1EB3323}.Release|Any CPU.Build.0 = Release|Any CPU
		{1D709BE7-4906-4AF8-B31C-3EE7A1EB3323}.Release|x64.ActiveCfg = Release|x64
		{1D709BE7-4906-4AF8-B31C-3EE7A1EB3323}.Release|x64.Build.0 = Release|x64
		{1D709BE7-4906-4AF8-B31C-3EE7A1EB3323}.Release|x86.ActiveCfg = Release|Any CPU
		{1D709BE7-4906-4AF8-B31C-3EE7A1EB3323}.Release|x86.Build.0 = Release|Any CPU
		{E5D95203-8D44-46F1-8AF0-43C1B7F6AD33}.Debug|Any CPU.ActiveCfg = Debug|Any CPU
		{E5D95203-8D44-46F1-8AF0-43C1B7F6AD33}.Debug|Any CPU.Build.0 = Debug|Any CPU
		{E5D95203-8D44-46F1-8AF0-43C1B7F6AD33}.Debug|x64.ActiveCfg = Debug|x64
		{E5D95203-8D44-46F1-8AF0-43C1B7F6AD33}.Debug|x64.Build.0 = Debug|x64
		{E5D95203-8D44-46F1-8AF0-43C1B7F6AD33}.Debug|x86.ActiveCfg = Debug|Any CPU
		{E5D95203-8D44-46F1-8AF0-43C1B7F6AD33}.Debug|x86.Build.0 = Debug|Any CPU
		{E5D95203-8D44-46F1-8AF0-43C1B7F6AD33}.Release|Any CPU.ActiveCfg = Release|Any CPU
		{E5D95203-8D44-46F1-8AF0-43C1B7F6AD33}.Release|Any CPU.Build.0 = Release|Any CPU
		{E5D95203-8D44-46F1-8AF0-43C1B7F6AD33}.Release|x64.ActiveCfg = Release|x64
		{E5D95203-8D44-46F1-8AF0-43C1B7F6AD33}.Release|x64.Build.0 = Release|x64
		{E5D95203-8D44-46F1-8AF0-43C1B7F6AD33}.Release|x86.ActiveCfg = Release|Any CPU
		{E5D95203-8D44-46F1-8AF0-43C1B7F6AD33}.Release|x86.Build.0 = Release|Any CPU
		{A09EE86C-981C-4F59-9554-C89FC8064C25}.Debug|Any CPU.ActiveCfg = Debug|Any CPU
		{A09EE86C-981C-4F59-9554-C89FC8064C25}.Debug|Any CPU.Build.0 = Debug|Any CPU
		{A09EE86C-981C-4F59-9554-C89FC8064C25}.Debug|x64.ActiveCfg = Debug|x64
		{A09EE86C-981C-4F59-9554-C89FC8064C25}.Debug|x64.Build.0 = Debug|x64
		{A09EE86C-981C-4F59-9554-C89FC8064C25}.Debug|x86.ActiveCfg = Debug|Any CPU
		{A09EE86C-981C-4F59-9554-C89FC8064C25}.Debug|x86.Build.0 = Debug|Any CPU
		{A09EE86C-981C-4F59-9554-C89FC8064C25}.Release|Any CPU.ActiveCfg = Release|Any CPU
		{A09EE86C-981C-4F59-9554-C89FC8064C25}.Release|Any CPU.Build.0 = Release|Any CPU
		{A09EE86C-981C-4F59-9554-C89FC8064C25}.Release|x64.ActiveCfg = Release|x64
		{A09EE86C-981C-4F59-9554-C89FC8064C25}.Release|x64.Build.0 = Release|x64
		{A09EE86C-981C-4F59-9554-C89FC8064C25}.Release|x86.ActiveCfg = Release|Any CPU
		{A09EE86C-981C-4F59-9554-C89FC8064C25}.Release|x86.Build.0 = Release|Any CPU
		{1DCD51E0-3059-4DDD-9F7F-3AF6DAF9D648}.Debug|Any CPU.ActiveCfg = Debug|Any CPU
		{1DCD51E0-3059-4DDD-9F7F-3AF6DAF9D648}.Debug|Any CPU.Build.0 = Debug|Any CPU
		{1DCD51E0-3059-4DDD-9F7F-3AF6DAF9D648}.Debug|x64.ActiveCfg = Debug|Any CPU
		{1DCD51E0-3059-4DDD-9F7F-3AF6DAF9D648}.Debug|x64.Build.0 = Debug|Any CPU
		{1DCD51E0-3059-4DDD-9F7F-3AF6DAF9D648}.Debug|x86.ActiveCfg = Debug|Any CPU
		{1DCD51E0-3059-4DDD-9F7F-3AF6DAF9D648}.Debug|x86.Build.0 = Debug|Any CPU
		{1DCD51E0-3059-4DDD-9F7F-3AF6DAF9D648}.Release|Any CPU.ActiveCfg = Release|Any CPU
		{1DCD51E0-3059-4DDD-9F7F-3AF6DAF9D648}.Release|Any CPU.Build.0 = Release|Any CPU
		{1DCD51E0-3059-4DDD-9F7F-3AF6DAF9D648}.Release|x64.ActiveCfg = Release|Any CPU
		{1DCD51E0-3059-4DDD-9F7F-3AF6DAF9D648}.Release|x64.Build.0 = Release|Any CPU
		{1DCD51E0-3059-4DDD-9F7F-3AF6DAF9D648}.Release|x86.ActiveCfg = Release|Any CPU
		{1DCD51E0-3059-4DDD-9F7F-3AF6DAF9D648}.Release|x86.Build.0 = Release|Any CPU
		{0C1213A8-9B76-40F1-A2AF-EA0829D904A5}.Debug|Any CPU.ActiveCfg = Debug|x86
		{0C1213A8-9B76-40F1-A2AF-EA0829D904A5}.Debug|x64.ActiveCfg = Debug|x86
		{0C1213A8-9B76-40F1-A2AF-EA0829D904A5}.Debug|x86.ActiveCfg = Debug|x86
		{0C1213A8-9B76-40F1-A2AF-EA0829D904A5}.Debug|x86.Build.0 = Debug|x86
		{0C1213A8-9B76-40F1-A2AF-EA0829D904A5}.Release|Any CPU.ActiveCfg = Release|x86
		{0C1213A8-9B76-40F1-A2AF-EA0829D904A5}.Release|x64.ActiveCfg = Release|x86
		{0C1213A8-9B76-40F1-A2AF-EA0829D904A5}.Release|x86.ActiveCfg = Release|x86
		{0C1213A8-9B76-40F1-A2AF-EA0829D904A5}.Release|x86.Build.0 = Release|x86
		{F46A6D53-5726-4079-AD9C-DE96A69E08A7}.Debug|Any CPU.ActiveCfg = Debug|x86
		{F46A6D53-5726-4079-AD9C-DE96A69E08A7}.Debug|x64.ActiveCfg = Debug|x86
		{F46A6D53-5726-4079-AD9C-DE96A69E08A7}.Debug|x86.ActiveCfg = Debug|x86
		{F46A6D53-5726-4079-AD9C-DE96A69E08A7}.Debug|x86.Build.0 = Debug|x86
		{F46A6D53-5726-4079-AD9C-DE96A69E08A7}.Release|Any CPU.ActiveCfg = Release|x86
		{F46A6D53-5726-4079-AD9C-DE96A69E08A7}.Release|x64.ActiveCfg = Release|x86
		{F46A6D53-5726-4079-AD9C-DE96A69E08A7}.Release|x86.ActiveCfg = Release|x86
		{F46A6D53-5726-4079-AD9C-DE96A69E08A7}.Release|x86.Build.0 = Release|x86
	EndGlobalSection
	GlobalSection(SolutionProperties) = preSolution
		HideSolutionNode = FALSE
	EndGlobalSection
	GlobalSection(ExtensibilityGlobals) = postSolution
		SolutionGuid = {423BA5A5-0DAB-438F-AD33-02CADFD478AF}
	EndGlobalSection
	GlobalSection(Performance) = preSolution
		HasPerformanceSessions = true
	EndGlobalSection
	GlobalSection(Performance) = preSolution
		HasPerformanceSessions = true
	EndGlobalSection
	GlobalSection(Performance) = preSolution
		HasPerformanceSessions = true
	EndGlobalSection
	GlobalSection(Performance) = preSolution
		HasPerformanceSessions = true
	EndGlobalSection
	GlobalSection(Performance) = preSolution
		HasPerformanceSessions = true
	EndGlobalSection
	GlobalSection(Performance) = preSolution
		HasPerformanceSessions = true
	EndGlobalSection
	GlobalSection(Performance) = preSolution
		HasPerformanceSessions = true
	EndGlobalSection
	GlobalSection(Performance) = preSolution
		HasPerformanceSessions = true
	EndGlobalSection
	GlobalSection(Performance) = preSolution
		HasPerformanceSessions = true
	EndGlobalSection
	GlobalSection(Performance) = preSolution
		HasPerformanceSessions = true
	EndGlobalSection
EndGlobal
